
Microsoft Visual Studio Solution File, Format Version 12.00
# Visual Studio 15
VisualStudioVersion = 15.0.26124.0
MinimumVisualStudioVersion = 15.0.26124.0
Project("{FAE04EC0-301F-11D3-BF4B-00C04F79EFBC}") = "ConsoleInteractive", "ConsoleInteractive\ConsoleInteractive.csproj", "{CBE8D3B4-24B6-44EC-ACAE-04CEFD13F6B2}"
EndProject
Project("{FAE04EC0-301F-11D3-BF4B-00C04F79EFBC}") = "ConsoleInteractive.Tests", "ConsoleInteractive.Tests\ConsoleInteractive.Tests.csproj", "{C90CA17A-1446-4FCB-A1A4-642AE014C22A}"
EndProject
Project("{FAE04EC0-301F-11D3-BF4B-00C04F79EFBC}") = "ConsoleInteractive.Demo", "ConsoleInteractive.Demo\ConsoleInteractive.Demo.csproj", "{45F406B1-F291-4569-8424-A37BE4F01F71}"
EndProject
Global
	GlobalSection(SolutionProperties) = preSolution
		HideSolutionNode = FALSE
	EndGlobalSection
	GlobalSection(SolutionConfigurationPlatforms) = preSolution
		Debug|Any CPU = Debug|Any CPU
		Debug|x64 = Debug|x64
		Debug|x86 = Debug|x86
		Release|Any CPU = Release|Any CPU
		Release|x64 = Release|x64
		Release|x86 = Release|x86
	EndGlobalSection
	GlobalSection(ProjectConfigurationPlatforms) = postSolution
		{CBE8D3B4-24B6-44EC-ACAE-04CEFD13F6B2}.Debug|Any CPU.ActiveCfg = Debug|Any CPU
		{CBE8D3B4-24B6-44EC-ACAE-04CEFD13F6B2}.Debug|Any CPU.Build.0 = Debug|Any CPU
		{CBE8D3B4-24B6-44EC-ACAE-04CEFD13F6B2}.Debug|x64.ActiveCfg = Debug|Any CPU
		{CBE8D3B4-24B6-44EC-ACAE-04CEFD13F6B2}.Debug|x64.Build.0 = Debug|Any CPU
		{CBE8D3B4-24B6-44EC-ACAE-04CEFD13F6B2}.Debug|x86.ActiveCfg = Debug|Any CPU
		{CBE8D3B4-24B6-44EC-ACAE-04CEFD13F6B2}.Debug|x86.Build.0 = Debug|Any CPU
		{CBE8D3B4-24B6-44EC-ACAE-04CEFD13F6B2}.Release|Any CPU.ActiveCfg = Release|Any CPU
		{CBE8D3B4-24B6-44EC-ACAE-04CEFD13F6B2}.Release|Any CPU.Build.0 = Release|Any CPU
		{CBE8D3B4-24B6-44EC-ACAE-04CEFD13F6B2}.Release|x64.ActiveCfg = Release|Any CPU
		{CBE8D3B4-24B6-44EC-ACAE-04CEFD13F6B2}.Release|x64.Build.0 = Release|Any CPU
		{CBE8D3B4-24B6-44EC-ACAE-04CEFD13F6B2}.Release|x86.ActiveCfg = Release|Any CPU
		{CBE8D3B4-24B6-44EC-ACAE-04CEFD13F6B2}.Release|x86.Build.0 = Release|Any CPU
		{C90CA17A-1446-4FCB-A1A4-642AE014C22A}.Debug|Any CPU.ActiveCfg = Debug|Any CPU
		{C90CA17A-1446-4FCB-A1A4-642AE014C22A}.Debug|Any CPU.Build.0 = Debug|Any CPU
		{C90CA17A-1446-4FCB-A1A4-642AE014C22A}.Debug|x64.ActiveCfg = Debug|Any CPU
		{C90CA17A-1446-4FCB-A1A4-642AE014C22A}.Debug|x64.Build.0 = Debug|Any CPU
		{C90CA17A-1446-4FCB-A1A4-642AE014C22A}.Debug|x86.ActiveCfg = Debug|Any CPU
		{C90CA17A-1446-4FCB-A1A4-642AE014C22A}.Debug|x86.Build.0 = Debug|Any CPU
		{C90CA17A-1446-4FCB-A1A4-642AE014C22A}.Release|Any CPU.ActiveCfg = Release|Any CPU
		{C90CA17A-1446-4FCB-A1A4-642AE014C22A}.Release|Any CPU.Build.0 = Release|Any CPU
		{C90CA17A-1446-4FCB-A1A4-642AE014C22A}.Release|x64.ActiveCfg = Release|Any CPU
		{C90CA17A-1446-4FCB-A1A4-642AE014C22A}.Release|x64.Build.0 = Release|Any CPU
		{C90CA17A-1446-4FCB-A1A4-642AE014C22A}.Release|x86.ActiveCfg = Release|Any CPU
		{C90CA17A-1446-4FCB-A1A4-642AE014C22A}.Release|x86.Build.0 = Release|Any CPU
		{45F406B1-F291-4569-8424-A37BE4F01F71}.Debug|Any CPU.ActiveCfg = Debug|Any CPU
		{45F406B1-F291-4569-8424-A37BE4F01F71}.Debug|Any CPU.Build.0 = Debug|Any CPU
		{45F406B1-F291-4569-8424-A37BE4F01F71}.Debug|x64.ActiveCfg = Debug|Any CPU
		{45F406B1-F291-4569-8424-A37BE4F01F71}.Debug|x64.Build.0 = Debug|Any CPU
		{45F406B1-F291-4569-8424-A37BE4F01F71}.Debug|x86.ActiveCfg = Debug|Any CPU
		{45F406B1-F291-4569-8424-A37BE4F01F71}.Debug|x86.Build.0 = Debug|Any CPU
		{45F406B1-F291-4569-8424-A37BE4F01F71}.Release|Any CPU.ActiveCfg = Release|Any CPU
		{45F406B1-F291-4569-8424-A37BE4F01F71}.Release|Any CPU.Build.0 = Release|Any CPU
		{45F406B1-F291-4569-8424-A37BE4F01F71}.Release|x64.ActiveCfg = Release|Any CPU
		{45F406B1-F291-4569-8424-A37BE4F01F71}.Release|x64.Build.0 = Release|Any CPU
		{45F406B1-F291-4569-8424-A37BE4F01F71}.Release|x86.ActiveCfg = Release|Any CPU
		{45F406B1-F291-4569-8424-A37BE4F01F71}.Release|x86.Build.0 = Release|Any CPU
	EndGlobalSection
EndGlobal
